// !$*UTF8*$!
{
	archiveVersion = 1;
	classes = {
	};
	objectVersion = 46;
	objects = {

/* Begin PBXBuildFile section */
		D284E3FB19050E1800C30943 /* Foundation.framework in Frameworks */ = {isa = PBXBuildFile; fileRef = D284E3FA19050E1800C30943 /* Foundation.framework */; };
		D284E3FD19050E1800C30943 /* CoreGraphics.framework in Frameworks */ = {isa = PBXBuildFile; fileRef = D284E3FC19050E1800C30943 /* CoreGraphics.framework */; };
		D284E3FF19050E1800C30943 /* UIKit.framework in Frameworks */ = {isa = PBXBuildFile; fileRef = D284E3FE19050E1800C30943 /* UIKit.framework */; };
		D284E40519050E1800C30943 /* InfoPlist.strings in Resources */ = {isa = PBXBuildFile; fileRef = D284E40319050E1800C30943 /* InfoPlist.strings */; };
		D284E40719050E1800C30943 /* main.m in Sources */ = {isa = PBXBuildFile; fileRef = D284E40619050E1800C30943 /* main.m */; };
		D284E40B19050E1800C30943 /* AppDelegate.m in Sources */ = {isa = PBXBuildFile; fileRef = D284E40A19050E1800C30943 /* AppDelegate.m */; };
		D284E40E19050E1800C30943 /* Main.storyboard in Resources */ = {isa = PBXBuildFile; fileRef = D284E40C19050E1800C30943 /* Main.storyboard */; };
		D284E41119050E1800C30943 /* CATextLayerViewController.m in Sources */ = {isa = PBXBuildFile; fileRef = D284E41019050E1800C30943 /* CATextLayerViewController.m */; };
		D284E41319050E1800C30943 /* Images.xcassets in Resources */ = {isa = PBXBuildFile; fileRef = D284E41219050E1800C30943 /* Images.xcassets */; };
		D284E41A19050E1800C30943 /* XCTest.framework in Frameworks */ = {isa = PBXBuildFile; fileRef = D284E41919050E1800C30943 /* XCTest.framework */; };
		D284E41B19050E1800C30943 /* Foundation.framework in Frameworks */ = {isa = PBXBuildFile; fileRef = D284E3FA19050E1800C30943 /* Foundation.framework */; };
		D284E41C19050E1800C30943 /* UIKit.framework in Frameworks */ = {isa = PBXBuildFile; fileRef = D284E3FE19050E1800C30943 /* UIKit.framework */; };
		D284E42419050E1800C30943 /* InfoPlist.strings in Resources */ = {isa = PBXBuildFile; fileRef = D284E42219050E1800C30943 /* InfoPlist.strings */; };
		D284E42619050E1800C30943 /* CALayerSubclassTourTests.m in Sources */ = {isa = PBXBuildFile; fileRef = D284E42519050E1800C30943 /* CALayerSubclassTourTests.m */; };
		D284E4311905108000C30943 /* SubclassesViewController.m in Sources */ = {isa = PBXBuildFile; fileRef = D284E4301905108000C30943 /* SubclassesViewController.m */; };
		D284E433190526F100C30943 /* CAShapeLayerViewController.h in Resources */ = {isa = PBXBuildFile; fileRef = D284E432190526F100C30943 /* CAShapeLayerViewController.h */; };
		D284E4351905271300C30943 /* CAShapeLayerViewController.m in Sources */ = {isa = PBXBuildFile; fileRef = D284E4341905271300C30943 /* CAShapeLayerViewController.m */; };
		D284E4381905285800C30943 /* CAScrollLayerViewController.m in Sources */ = {isa = PBXBuildFile; fileRef = D284E4371905285800C30943 /* CAScrollLayerViewController.m */; };
		D284E43B190528CF00C30943 /* CATiledLayerViewController.m in Sources */ = {isa = PBXBuildFile; fileRef = D284E43A190528CF00C30943 /* CATiledLayerViewController.m */; };
		D284E43E1905291700C30943 /* CAGradientLayerViewController.m in Sources */ = {isa = PBXBuildFile; fileRef = D284E43D1905291700C30943 /* CAGradientLayerViewController.m */; };
		D284E4411905297D00C30943 /* CAReplicatorLayerViewController.m in Sources */ = {isa = PBXBuildFile; fileRef = D284E4401905297D00C30943 /* CAReplicatorLayerViewController.m */; };
		D284E444190529AD00C30943 /* CATransformLayerViewController.m in Sources */ = {isa = PBXBuildFile; fileRef = D284E443190529AD00C30943 /* CATransformLayerViewController.m */; };
		D284E447190529D600C30943 /* CAEmitterLayerViewController.m in Sources */ = {isa = PBXBuildFile; fileRef = D284E446190529D600C30943 /* CAEmitterLayerViewController.m */; };
		D284E44A19052A0500C30943 /* CAEAGLLayerViewController.m in Sources */ = {isa = PBXBuildFile; fileRef = D284E44919052A0500C30943 /* CAEAGLLayerViewController.m */; };
/* End PBXBuildFile section */

/* Begin PBXContainerItemProxy section */
		D284E41D19050E1800C30943 /* PBXContainerItemProxy */ = {
			isa = PBXContainerItemProxy;
			containerPortal = D284E3EF19050E1800C30943 /* Project object */;
			proxyType = 1;
			remoteGlobalIDString = D284E3F619050E1800C30943;
			remoteInfo = CALayerSubclassTour;
		};
/* End PBXContainerItemProxy section */

/* Begin PBXFileReference section */
		D284E3F719050E1800C30943 /* CALayerSubclassTour.app */ = {isa = PBXFileReference; explicitFileType = wrapper.application; includeInIndex = 0; path = CALayerSubclassTour.app; sourceTree = BUILT_PRODUCTS_DIR; };
		D284E3FA19050E1800C30943 /* Foundation.framework */ = {isa = PBXFileReference; lastKnownFileType = wrapper.framework; name = Foundation.framework; path = System/Library/Frameworks/Foundation.framework; sourceTree = SDKROOT; };
		D284E3FC19050E1800C30943 /* CoreGraphics.framework */ = {isa = PBXFileReference; lastKnownFileType = wrapper.framework; name = CoreGraphics.framework; path = System/Library/Frameworks/CoreGraphics.framework; sourceTree = SDKROOT; };
		D284E3FE19050E1800C30943 /* UIKit.framework */ = {isa = PBXFileReference; lastKnownFileType = wrapper.framework; name = UIKit.framework; path = System/Library/Frameworks/UIKit.framework; sourceTree = SDKROOT; };
		D284E40219050E1800C30943 /* CALayerSubclassTour-Info.plist */ = {isa = PBXFileReference; lastKnownFileType = text.plist.xml; path = "CALayerSubclassTour-Info.plist"; sourceTree = "<group>"; };
		D284E40419050E1800C30943 /* en */ = {isa = PBXFileReference; lastKnownFileType = text.plist.strings; name = en; path = en.lproj/InfoPlist.strings; sourceTree = "<group>"; };
		D284E40619050E1800C30943 /* main.m */ = {isa = PBXFileReference; lastKnownFileType = sourcecode.c.objc; path = main.m; sourceTree = "<group>"; };
		D284E40819050E1800C30943 /* CALayerSubclassTour-Prefix.pch */ = {isa = PBXFileReference; lastKnownFileType = sourcecode.c.h; path = "CALayerSubclassTour-Prefix.pch"; sourceTree = "<group>"; };
		D284E40919050E1800C30943 /* AppDelegate.h */ = {isa = PBXFileReference; lastKnownFileType = sourcecode.c.h; path = AppDelegate.h; sourceTree = "<group>"; };
		D284E40A19050E1800C30943 /* AppDelegate.m */ = {isa = PBXFileReference; lastKnownFileType = sourcecode.c.objc; path = AppDelegate.m; sourceTree = "<group>"; };
		D284E40D19050E1800C30943 /* Base */ = {isa = PBXFileReference; lastKnownFileType = file.storyboard; name = Base; path = Base.lproj/Main.storyboard; sourceTree = "<group>"; };
		D284E40F19050E1800C30943 /* CATextLayerViewController.h */ = {isa = PBXFileReference; lastKnownFileType = sourcecode.c.h; path = CATextLayerViewController.h; sourceTree = "<group>"; };
		D284E41019050E1800C30943 /* CATextLayerViewController.m */ = {isa = PBXFileReference; lastKnownFileType = sourcecode.c.objc; path = CATextLayerViewController.m; sourceTree = "<group>"; };
		D284E41219050E1800C30943 /* Images.xcassets */ = {isa = PBXFileReference; lastKnownFileType = folder.assetcatalog; path = Images.xcassets; sourceTree = "<group>"; };
		D284E41819050E1800C30943 /* CALayerSubclassTourTests.xctest */ = {isa = PBXFileReference; explicitFileType = wrapper.cfbundle; includeInIndex = 0; path = CALayerSubclassTourTests.xctest; sourceTree = BUILT_PRODUCTS_DIR; };
		D284E41919050E1800C30943 /* XCTest.framework */ = {isa = PBXFileReference; lastKnownFileType = wrapper.framework; name = XCTest.framework; path = Library/Frameworks/XCTest.framework; sourceTree = DEVELOPER_DIR; };
		D284E42119050E1800C30943 /* CALayerSubclassTourTests-Info.plist */ = {isa = PBXFileReference; lastKnownFileType = text.plist.xml; path = "CALayerSubclassTourTests-Info.plist"; sourceTree = "<group>"; };
		D284E42319050E1800C30943 /* en */ = {isa = PBXFileReference; lastKnownFileType = text.plist.strings; name = en; path = en.lproj/InfoPlist.strings; sourceTree = "<group>"; };
		D284E42519050E1800C30943 /* CALayerSubclassTourTests.m */ = {isa = PBXFileReference; lastKnownFileType = sourcecode.c.objc; path = CALayerSubclassTourTests.m; sourceTree = "<group>"; };
		D284E42F1905108000C30943 /* SubclassesViewController.h */ = {isa = PBXFileReference; fileEncoding = 4; lastKnownFileType = sourcecode.c.h; path = SubclassesViewController.h; sourceTree = "<group>"; };
		D284E4301905108000C30943 /* SubclassesViewController.m */ = {isa = PBXFileReference; fileEncoding = 4; lastKnownFileType = sourcecode.c.objc; path = SubclassesViewController.m; sourceTree = "<group>"; };
		D284E432190526F100C30943 /* CAShapeLayerViewController.h */ = {isa = PBXFileReference; fileEncoding = 4; lastKnownFileType = sourcecode.c.h; path = CAShapeLayerViewController.h; sourceTree = "<group>"; };
		D284E4341905271300C30943 /* CAShapeLayerViewController.m */ = {isa = PBXFileReference; fileEncoding = 4; lastKnownFileType = sourcecode.c.objc; path = CAShapeLayerViewController.m; sourceTree = "<group>"; };
		D284E4361905284600C30943 /* CAScrollLayerViewController.h */ = {isa = PBXFileReference; fileEncoding = 4; lastKnownFileType = sourcecode.c.h; path = CAScrollLayerViewController.h; sourceTree = "<group>"; };
		D284E4371905285800C30943 /* CAScrollLayerViewController.m */ = {isa = PBXFileReference; fileEncoding = 4; lastKnownFileType = sourcecode.c.objc; path = CAScrollLayerViewController.m; sourceTree = "<group>"; };
		D284E439190528B000C30943 /* CATiledLayerViewController.h */ = {isa = PBXFileReference; fileEncoding = 4; lastKnownFileType = sourcecode.c.h; path = CATiledLayerViewController.h; sourceTree = "<group>"; };
		D284E43A190528CF00C30943 /* CATiledLayerViewController.m */ = {isa = PBXFileReference; fileEncoding = 4; lastKnownFileType = sourcecode.c.objc; path = CATiledLayerViewController.m; sourceTree = "<group>"; };
		D284E43C1905290300C30943 /* CAGradientLayerViewController.h */ = {isa = PBXFileReference; fileEncoding = 4; lastKnownFileType = sourcecode.c.h; path = CAGradientLayerViewController.h; sourceTree = "<group>"; };
		D284E43D1905291700C30943 /* CAGradientLayerViewController.m */ = {isa = PBXFileReference; fileEncoding = 4; lastKnownFileType = sourcecode.c.objc; path = CAGradientLayerViewController.m; sourceTree = "<group>"; };
		D284E43F1905297500C30943 /* CAReplicatorLayerViewController.h */ = {isa = PBXFileReference; fileEncoding = 4; lastKnownFileType = sourcecode.c.h; path = CAReplicatorLayerViewController.h; sourceTree = "<group>"; };
		D284E4401905297D00C30943 /* CAReplicatorLayerViewController.m */ = {isa = PBXFileReference; fileEncoding = 4; lastKnownFileType = sourcecode.c.objc; path = CAReplicatorLayerViewController.m; sourceTree = "<group>"; };
		D284E442190529A800C30943 /* CATransformLayerViewController.h */ = {isa = PBXFileReference; fileEncoding = 4; lastKnownFileType = sourcecode.c.h; path = CATransformLayerViewController.h; sourceTree = "<group>"; };
		D284E443190529AD00C30943 /* CATransformLayerViewController.m */ = {isa = PBXFileReference; fileEncoding = 4; lastKnownFileType = sourcecode.c.objc; path = CATransformLayerViewController.m; sourceTree = "<group>"; };
		D284E445190529D100C30943 /* CAEmitterLayerViewController.h */ = {isa = PBXFileReference; fileEncoding = 4; lastKnownFileType = sourcecode.c.h; path = CAEmitterLayerViewController.h; sourceTree = "<group>"; };
		D284E446190529D600C30943 /* CAEmitterLayerViewController.m */ = {isa = PBXFileReference; fileEncoding = 4; lastKnownFileType = sourcecode.c.objc; path = CAEmitterLayerViewController.m; sourceTree = "<group>"; };
		D284E448190529FD00C30943 /* CAEAGLLayerViewController.h */ = {isa = PBXFileReference; fileEncoding = 4; lastKnownFileType = sourcecode.c.h; path = CAEAGLLayerViewController.h; sourceTree = "<group>"; };
		D284E44919052A0500C30943 /* CAEAGLLayerViewController.m */ = {isa = PBXFileReference; fileEncoding = 4; lastKnownFileType = sourcecode.c.objc; path = CAEAGLLayerViewController.m; sourceTree = "<group>"; };
/* End PBXFileReference section */

/* Begin PBXFrameworksBuildPhase section */
		D284E3F419050E1800C30943 /* Frameworks */ = {
			isa = PBXFrameworksBuildPhase;
			buildActionMask = 2147483647;
			files = (
				D284E3FD19050E1800C30943 /* CoreGraphics.framework in Frameworks */,
				D284E3FF19050E1800C30943 /* UIKit.framework in Frameworks */,
				D284E3FB19050E1800C30943 /* Foundation.framework in Frameworks */,
			);
			runOnlyForDeploymentPostprocessing = 0;
		};
		D284E41519050E1800C30943 /* Frameworks */ = {
			isa = PBXFrameworksBuildPhase;
			buildActionMask = 2147483647;
			files = (
				D284E41A19050E1800C30943 /* XCTest.framework in Frameworks */,
				D284E41C19050E1800C30943 /* UIKit.framework in Frameworks */,
				D284E41B19050E1800C30943 /* Foundation.framework in Frameworks */,
			);
			runOnlyForDeploymentPostprocessing = 0;
		};
/* End PBXFrameworksBuildPhase section */

/* Begin PBXGroup section */
		D284E3EE19050E1800C30943 = {
			isa = PBXGroup;
			children = (
				D284E40019050E1800C30943 /* CALayerSubclassTour */,
				D284E41F19050E1800C30943 /* CALayerSubclassTourTests */,
				D284E3F919050E1800C30943 /* Frameworks */,
				D284E3F819050E1800C30943 /* Products */,
			);
			sourceTree = "<group>";
		};
		D284E3F819050E1800C30943 /* Products */ = {
			isa = PBXGroup;
			children = (
				D284E3F719050E1800C30943 /* CALayerSubclassTour.app */,
				D284E41819050E1800C30943 /* CALayerSubclassTourTests.xctest */,
			);
			name = Products;
			sourceTree = "<group>";
		};
		D284E3F919050E1800C30943 /* Frameworks */ = {
			isa = PBXGroup;
			children = (
				D284E3FA19050E1800C30943 /* Foundation.framework */,
				D284E3FC19050E1800C30943 /* CoreGraphics.framework */,
				D284E3FE19050E1800C30943 /* UIKit.framework */,
				D284E41919050E1800C30943 /* XCTest.framework */,
			);
			name = Frameworks;
			sourceTree = "<group>";
		};
		D284E40019050E1800C30943 /* CALayerSubclassTour */ = {
			isa = PBXGroup;
			children = (
				D284E40919050E1800C30943 /* AppDelegate.h */,
				D284E40A19050E1800C30943 /* AppDelegate.m */,
				D284E448190529FD00C30943 /* CAEAGLLayerViewController.h */,
				D284E44919052A0500C30943 /* CAEAGLLayerViewController.m */,
				D284E445190529D100C30943 /* CAEmitterLayerViewController.h */,
				D284E446190529D600C30943 /* CAEmitterLayerViewController.m */,
				D284E43C1905290300C30943 /* CAGradientLayerViewController.h */,
				D284E43D1905291700C30943 /* CAGradientLayerViewController.m */,
				D284E43F1905297500C30943 /* CAReplicatorLayerViewController.h */,
				D284E4401905297D00C30943 /* CAReplicatorLayerViewController.m */,
				D284E4361905284600C30943 /* CAScrollLayerViewController.h */,
				D284E4371905285800C30943 /* CAScrollLayerViewController.m */,
				D284E432190526F100C30943 /* CAShapeLayerViewController.h */,
				D284E4341905271300C30943 /* CAShapeLayerViewController.m */,
				D284E40F19050E1800C30943 /* CATextLayerViewController.h */,
				D284E41019050E1800C30943 /* CATextLayerViewController.m */,
				D284E439190528B000C30943 /* CATiledLayerViewController.h */,
				D284E43A190528CF00C30943 /* CATiledLayerViewController.m */,
				D284E442190529A800C30943 /* CATransformLayerViewController.h */,
				D284E443190529AD00C30943 /* CATransformLayerViewController.m */,
				D284E41219050E1800C30943 /* Images.xcassets */,
				D284E40C19050E1800C30943 /* Main.storyboard */,
				D284E42F1905108000C30943 /* SubclassesViewController.h */,
				D284E4301905108000C30943 /* SubclassesViewController.m */,
				D284E40119050E1800C30943 /* Supporting Files */,
			);
			path = CALayerSubclassTour;
			sourceTree = "<group>";
		};
		D284E40119050E1800C30943 /* Supporting Files */ = {
			isa = PBXGroup;
			children = (
				D284E40219050E1800C30943 /* CALayerSubclassTour-Info.plist */,
				D284E40319050E1800C30943 /* InfoPlist.strings */,
				D284E40619050E1800C30943 /* main.m */,
				D284E40819050E1800C30943 /* CALayerSubclassTour-Prefix.pch */,
			);
			name = "Supporting Files";
			sourceTree = "<group>";
		};
		D284E41F19050E1800C30943 /* CALayerSubclassTourTests */ = {
			isa = PBXGroup;
			children = (
				D284E42519050E1800C30943 /* CALayerSubclassTourTests.m */,
				D284E42019050E1800C30943 /* Supporting Files */,
			);
			path = CALayerSubclassTourTests;
			sourceTree = "<group>";
		};
		D284E42019050E1800C30943 /* Supporting Files */ = {
			isa = PBXGroup;
			children = (
				D284E42119050E1800C30943 /* CALayerSubclassTourTests-Info.plist */,
				D284E42219050E1800C30943 /* InfoPlist.strings */,
			);
			name = "Supporting Files";
			sourceTree = "<group>";
		};
/* End PBXGroup section */

/* Begin PBXNativeTarget section */
		D284E3F619050E1800C30943 /* CALayerSubclassTour */ = {
			isa = PBXNativeTarget;
			buildConfigurationList = D284E42919050E1800C30943 /* Build configuration list for PBXNativeTarget "CALayerSubclassTour" */;
			buildPhases = (
				D284E3F319050E1800C30943 /* Sources */,
				D284E3F419050E1800C30943 /* Frameworks */,
				D284E3F519050E1800C30943 /* Resources */,
			);
			buildRules = (
			);
			dependencies = (
			);
			name = CALayerSubclassTour;
			productName = CALayerSubclassTour;
			productReference = D284E3F719050E1800C30943 /* CALayerSubclassTour.app */;
			productType = "com.apple.product-type.application";
		};
		D284E41719050E1800C30943 /* CALayerSubclassTourTests */ = {
			isa = PBXNativeTarget;
			buildConfigurationList = D284E42C19050E1800C30943 /* Build configuration list for PBXNativeTarget "CALayerSubclassTourTests" */;
			buildPhases = (
				D284E41419050E1800C30943 /* Sources */,
				D284E41519050E1800C30943 /* Frameworks */,
				D284E41619050E1800C30943 /* Resources */,
			);
			buildRules = (
			);
			dependencies = (
				D284E41E19050E1800C30943 /* PBXTargetDependency */,
			);
			name = CALayerSubclassTourTests;
			productName = CALayerSubclassTourTests;
			productReference = D284E41819050E1800C30943 /* CALayerSubclassTourTests.xctest */;
			productType = "com.apple.product-type.bundle.unit-test";
		};
/* End PBXNativeTarget section */

/* Begin PBXProject section */
		D284E3EF19050E1800C30943 /* Project object */ = {
			isa = PBXProject;
			attributes = {
				LastUpgradeCheck = 0510;
				ORGANIZATIONNAME = "Razeware LLC";
				TargetAttributes = {
					D284E41719050E1800C30943 = {
						TestTargetID = D284E3F619050E1800C30943;
					};
				};
			};
			buildConfigurationList = D284E3F219050E1800C30943 /* Build configuration list for PBXProject "CALayerSubclassTour" */;
			compatibilityVersion = "Xcode 3.2";
			developmentRegion = English;
			hasScannedForEncodings = 0;
			knownRegions = (
				en,
				Base,
			);
			mainGroup = D284E3EE19050E1800C30943;
			productRefGroup = D284E3F819050E1800C30943 /* Products */;
			projectDirPath = "";
			projectRoot = "";
			targets = (
				D284E3F619050E1800C30943 /* CALayerSubclassTour */,
				D284E41719050E1800C30943 /* CALayerSubclassTourTests */,
			);
		};
/* End PBXProject section */

/* Begin PBXResourcesBuildPhase section */
		D284E3F519050E1800C30943 /* Resources */ = {
			isa = PBXResourcesBuildPhase;
			buildActionMask = 2147483647;
			files = (
				D284E41319050E1800C30943 /* Images.xcassets in Resources */,
				D284E40519050E1800C30943 /* InfoPlist.strings in Resources */,
				D284E40E19050E1800C30943 /* Main.storyboard in Resources */,
				D284E433190526F100C30943 /* CAShapeLayerViewController.h in Resources */,
			);
			runOnlyForDeploymentPostprocessing = 0;
		};
		D284E41619050E1800C30943 /* Resources */ = {
			isa = PBXResourcesBuildPhase;
			buildActionMask = 2147483647;
			files = (
				D284E42419050E1800C30943 /* InfoPlist.strings in Resources */,
			);
			runOnlyForDeploymentPostprocessing = 0;
		};
/* End PBXResourcesBuildPhase section */

/* Begin PBXSourcesBuildPhase section */
		D284E3F319050E1800C30943 /* Sources */ = {
			isa = PBXSourcesBuildPhase;
			buildActionMask = 2147483647;
			files = (
				D284E43E1905291700C30943 /* CAGradientLayerViewController.m in Sources */,
				D284E4351905271300C30943 /* CAShapeLayerViewController.m in Sources */,
				D284E43B190528CF00C30943 /* CATiledLayerViewController.m in Sources */,
				D284E44A19052A0500C30943 /* CAEAGLLayerViewController.m in Sources */,
				D284E4311905108000C30943 /* SubclassesViewController.m in Sources */,
				D284E41119050E1800C30943 /* CATextLayerViewController.m in Sources */,
				D284E4381905285800C30943 /* CAScrollLayerViewController.m in Sources */,
				D284E447190529D600C30943 /* CAEmitterLayerViewController.m in Sources */,
				D284E40B19050E1800C30943 /* AppDelegate.m in Sources */,
				D284E40719050E1800C30943 /* main.m in Sources */,
				D284E444190529AD00C30943 /* CATransformLayerViewController.m in Sources */,
				D284E4411905297D00C30943 /* CAReplicatorLayerViewController.m in Sources */,
			);
			runOnlyForDeploymentPostprocessing = 0;
		};
		D284E41419050E1800C30943 /* Sources */ = {
			isa = PBXSourcesBuildPhase;
			buildActionMask = 2147483647;
			files = (
				D284E42619050E1800C30943 /* CALayerSubclassTourTests.m in Sources */,
			);
			runOnlyForDeploymentPostprocessing = 0;
		};
/* End PBXSourcesBuildPhase section */

/* Begin PBXTargetDependency section */
		D284E41E19050E1800C30943 /* PBXTargetDependency */ = {
			isa = PBXTargetDependency;
			target = D284E3F619050E1800C30943 /* CALayerSubclassTour */;
			targetProxy = D284E41D19050E1800C30943 /* PBXContainerItemProxy */;
		};
/* End PBXTargetDependency section */

/* Begin PBXVariantGroup section */
		D284E40319050E1800C30943 /* InfoPlist.strings */ = {
			isa = PBXVariantGroup;
			children = (
				D284E40419050E1800C30943 /* en */,
			);
			name = InfoPlist.strings;
			sourceTree = "<group>";
		};
		D284E40C19050E1800C30943 /* Main.storyboard */ = {
			isa = PBXVariantGroup;
			children = (
				D284E40D19050E1800C30943 /* Base */,
			);
			name = Main.storyboard;
			sourceTree = "<group>";
		};
		D284E42219050E1800C30943 /* InfoPlist.strings */ = {
			isa = PBXVariantGroup;
			children = (
				D284E42319050E1800C30943 /* en */,
			);
			name = InfoPlist.strings;
			sourceTree = "<group>";
		};
/* End PBXVariantGroup section */

/* Begin XCBuildConfiguration section */
		D284E42719050E1800C30943 /* Debug */ = {
			isa = XCBuildConfiguration;
			buildSettings = {
				ALWAYS_SEARCH_USER_PATHS = NO;
				CLANG_CXX_LANGUAGE_STANDARD = "gnu++0x";
				CLANG_CXX_LIBRARY = "libc++";
				CLANG_ENABLE_MODULES = YES;
				CLANG_ENABLE_OBJC_ARC = YES;
				CLANG_WARN_BOOL_CONVERSION = YES;
				CLANG_WARN_CONSTANT_CONVERSION = YES;
				CLANG_WARN_DIRECT_OBJC_ISA_USAGE = YES_ERROR;
				CLANG_WARN_EMPTY_BODY = YES;
				CLANG_WARN_ENUM_CONVERSION = YES;
				CLANG_WARN_INT_CONVERSION = YES;
				CLANG_WARN_OBJC_ROOT_CLASS = YES_ERROR;
				CLANG_WARN__DUPLICATE_METHOD_MATCH = YES;
				"CODE_SIGN_IDENTITY[sdk=iphoneos*]" = "iPhone Developer";
				COPY_PHASE_STRIP = NO;
				GCC_C_LANGUAGE_STANDARD = gnu99;
				GCC_DYNAMIC_NO_PIC = NO;
				GCC_OPTIMIZATION_LEVEL = 0;
				GCC_PREPROCESSOR_DEFINITIONS = (
					"DEBUG=1",
					"$(inherited)",
				);
				GCC_SYMBOLS_PRIVATE_EXTERN = NO;
				GCC_WARN_64_TO_32_BIT_CONVERSION = YES;
				GCC_WARN_ABOUT_RETURN_TYPE = YES_ERROR;
				GCC_WARN_UNDECLARED_SELECTOR = YES;
				GCC_WARN_UNINITIALIZED_AUTOS = YES_AGGRESSIVE;
				GCC_WARN_UNUSED_FUNCTION = YES;
				GCC_WARN_UNUSED_VARIABLE = YES;
				IPHONEOS_DEPLOYMENT_TARGET = 7.1;
				ONLY_ACTIVE_ARCH = YES;
				SDKROOT = iphoneos;
			};
			name = Debug;
		};
		D284E42819050E1800C30943 /* Release */ = {
			isa = XCBuildConfiguration;
			buildSettings = {
				ALWAYS_SEARCH_USER_PATHS = NO;
				CLANG_CXX_LANGUAGE_STANDARD = "gnu++0x";
				CLANG_CXX_LIBRARY = "libc++";
				CLANG_ENABLE_MODULES = YES;
				CLANG_ENABLE_OBJC_ARC = YES;
				CLANG_WARN_BOOL_CONVERSION = YES;
				CLANG_WARN_CONSTANT_CONVERSION = YES;
				CLANG_WARN_DIRECT_OBJC_ISA_USAGE = YES_ERROR;
				CLANG_WARN_EMPTY_BODY = YES;
				CLANG_WARN_ENUM_CONVERSION = YES;
				CLANG_WARN_INT_CONVERSION = YES;
				CLANG_WARN_OBJC_ROOT_CLASS = YES_ERROR;
				CLANG_WARN__DUPLICATE_METHOD_MATCH = YES;
				"CODE_SIGN_IDENTITY[sdk=iphoneos*]" = "iPhone Developer";
				COPY_PHASE_STRIP = YES;
				ENABLE_NS_ASSERTIONS = NO;
				GCC_C_LANGUAGE_STANDARD = gnu99;
				GCC_WARN_64_TO_32_BIT_CONVERSION = YES;
				GCC_WARN_ABOUT_RETURN_TYPE = YES_ERROR;
				GCC_WARN_UNDECLARED_SELECTOR = YES;
				GCC_WARN_UNINITIALIZED_AUTOS = YES_AGGRESSIVE;
				GCC_WARN_UNUSED_FUNCTION = YES;
				GCC_WARN_UNUSED_VARIABLE = YES;
				IPHONEOS_DEPLOYMENT_TARGET = 7.1;
				SDKROOT = iphoneos;
				VALIDATE_PRODUCT = YES;
			};
			name = Release;
		};
		D284E42A19050E1800C30943 /* Debug */ = {
			isa = XCBuildConfiguration;
			buildSettings = {
				ASSETCATALOG_COMPILER_APPICON_NAME = AppIcon;
				ASSETCATALOG_COMPILER_LAUNCHIMAGE_NAME = LaunchImage;
				GCC_PRECOMPILE_PREFIX_HEADER = YES;
				GCC_PREFIX_HEADER = "CALayerSubclassTour/CALayerSubclassTour-Prefix.pch";
				INFOPLIST_FILE = "CALayerSubclassTour/CALayerSubclassTour-Info.plist";
				PRODUCT_NAME = "$(TARGET_NAME)";
				WRAPPER_EXTENSION = app;
			};
			name = Debug;
		};
		D284E42B19050E1800C30943 /* Release */ = {
			isa = XCBuildConfiguration;
			buildSettings = {
				ASSETCATALOG_COMPILER_APPICON_NAME = AppIcon;
				ASSETCATALOG_COMPILER_LAUNCHIMAGE_NAME = LaunchImage;
				GCC_PRECOMPILE_PREFIX_HEADER = YES;
				GCC_PREFIX_HEADER = "CALayerSubclassTour/CALayerSubclassTour-Prefix.pch";
				INFOPLIST_FILE = "CALayerSubclassTour/CALayerSubclassTour-Info.plist";
				PRODUCT_NAME = "$(TARGET_NAME)";
				WRAPPER_EXTENSION = app;
			};
			name = Release;
		};
		D284E42D19050E1800C30943 /* Debug */ = {
			isa = XCBuildConfiguration;
			buildSettings = {
				BUNDLE_LOADER = "$(BUILT_PRODUCTS_DIR)/CALayerSubclassTour.app/CALayerSubclassTour";
				FRAMEWORK_SEARCH_PATHS = (
					"$(SDKROOT)/Developer/Library/Frameworks",
					"$(inherited)",
					"$(DEVELOPER_FRAMEWORKS_DIR)",
				);
				GCC_PRECOMPILE_PREFIX_HEADER = YES;
				GCC_PREFIX_HEADER = "CALayerSubclassTour/CALayerSubclassTour-Prefix.pch";
				GCC_PREPROCESSOR_DEFINITIONS = (
					"DEBUG=1",
					"$(inherited)",
				);
				INFOPLIST_FILE = "CALayerSubclassTourTests/CALayerSubclassTourTests-Info.plist";
				PRODUCT_NAME = "$(TARGET_NAME)";
				TEST_HOST = "$(BUNDLE_LOADER)";
				WRAPPER_EXTENSION = xctest;
			};
			name = Debug;
		};
		D284E42E19050E1800C30943 /* Release */ = {
			isa = XCBuildConfiguration;
			buildSettings = {
				BUNDLE_LOADER = "$(BUILT_PRODUCTS_DIR)/CALayerSubclassTour.app/CALayerSubclassTour";
				FRAMEWORK_SEARCH_PATHS = (
					"$(SDKROOT)/Developer/Library/Frameworks",
					"$(inherited)",
					"$(DEVELOPER_FRAMEWORKS_DIR)",
				);
				GCC_PRECOMPILE_PREFIX_HEADER = YES;
				GCC_PREFIX_HEADER = "CALayerSubclassTour/CALayerSubclassTour-Prefix.pch";
				INFOPLIST_FILE = "CALayerSubclassTourTests/CALayerSubclassTourTests-Info.plist";
				PRODUCT_NAME = "$(TARGET_NAME)";
				TEST_HOST = "$(BUNDLE_LOADER)";
				WRAPPER_EXTENSION = xctest;
			};
			name = Release;
		};
/* End XCBuildConfiguration section */

/* Begin XCConfigurationList section */
		D284E3F219050E1800C30943 /* Build configuration list for PBXProject "CALayerSubclassTour" */ = {
			isa = XCConfigurationList;
			buildConfigurations = (
				D284E42719050E1800C30943 /* Debug */,
				D284E42819050E1800C30943 /* Release */,
			);
			defaultConfigurationIsVisible = 0;
			defaultConfigurationName = Release;
		};
		D284E42919050E1800C30943 /* Build configuration list for PBXNativeTarget "CALayerSubclassTour" */ = {
			isa = XCConfigurationList;
			buildConfigurations = (
				D284E42A19050E1800C30943 /* Debug */,
				D284E42B19050E1800C30943 /* Release */,
			);
			defaultConfigurationIsVisible = 0;
			defaultConfigurationName = Release;
		};
		D284E42C19050E1800C30943 /* Build configuration list for PBXNativeTarget "CALayerSubclassTourTests" */ = {
			isa = XCConfigurationList;
			buildConfigurations = (
				D284E42D19050E1800C30943 /* Debug */,
				D284E42E19050E1800C30943 /* Release */,
			);
			defaultConfigurationIsVisible = 0;
			defaultConfigurationName = Release;
		};
/* End XCConfigurationList section */
	};
	rootObject = D284E3EF19050E1800C30943 /* Project object */;
}
